{
  "name": "IN10",
  "version": "1.0.0",
  "lockfileVersion": 1,
  "requires": true,
  "dependencies": {
    "node.normalize.scss": {
      "version": "3.0.3",
      "resolved": "https://registry.npmjs.org/node.normalize.scss/-/node.normalize.scss-3.0.3.tgz",
      "integrity": "sha1-k2wMAZobJcjbV/VY31sCbcTB5fk="
    }
  }
}
